
Microsoft Visual Studio Solution File, Format Version 12.00
# Visual Studio 2013
VisualStudioVersion = 12.0.30723.0
MinimumVisualStudioVersion = 10.0.40219.1
Project("{FAE04EC0-301F-11D3-BF4B-00C04F79EFBC}") = "Sudoku", "Sudoku\Sudoku.csproj", "{018FA19E-C222-4FD3-BA5A-79036F788C37}"
EndProject
Project("{FAE04EC0-301F-11D3-BF4B-00C04F79EFBC}") = "SudokuBasic", "SudokuBasic\SudokuBasic.csproj", "{F8A0EDBF-432D-4246-B35B-E49C0916AD60}"
EndProject
Global
	GlobalSection(SolutionConfigurationPlatforms) = preSolution
		Debug|Any CPU = Debug|Any CPU
		Release|Any CPU = Release|Any CPU
	EndGlobalSection
	GlobalSection(ProjectConfigurationPlatforms) = postSolution
		{018FA19E-C222-4FD3-BA5A-79036F788C37}.Debug|Any CPU.ActiveCfg = Debug|Any CPU
		{018FA19E-C222-4FD3-BA5A-79036F788C37}.Debug|Any CPU.Build.0 = Debug|Any CPU
		{018FA19E-C222-4FD3-BA5A-79036F788C37}.Release|Any CPU.ActiveCfg = Release|Any CPU
		{018FA19E-C222-4FD3-BA5A-79036F788C37}.Release|Any CPU.Build.0 = Release|Any CPU
		{F8A0EDBF-432D-4246-B35B-E49C0916AD60}.Debug|Any CPU.ActiveCfg = Debug|Any CPU
		{F8A0EDBF-432D-4246-B35B-E49C0916AD60}.Debug|Any CPU.Build.0 = Debug|Any CPU
		{F8A0EDBF-432D-4246-B35B-E49C0916AD60}.Release|Any CPU.ActiveCfg = Release|Any CPU
		{F8A0EDBF-432D-4246-B35B-E49C0916AD60}.Release|Any CPU.Build.0 = Release|Any CPU
	EndGlobalSection
	GlobalSection(SolutionProperties) = preSolution
		HideSolutionNode = FALSE
	EndGlobalSection
EndGlobal
